
Microsoft Visual Studio Solution File, Format Version 12.00
# Visual Studio Version 16
VisualStudioVersion = 16.0.33801.447
MinimumVisualStudioVersion = 10.0.40219.1
Project("{FAE04EC0-301F-11D3-BF4B-00C04F79EFBC}") = "MachineAssignment", "MachineAssignment\MachineAssignment.csproj", "{55BDBC01-DEF8-4D5F-8E1C-95111907561C}"
EndProject
Global
	GlobalSection(SolutionConfigurationPlatforms) = preSolution
		Debug|Any CPU = Debug|Any CPU
		Release|Any CPU = Release|Any CPU
	EndGlobalSection
	GlobalSection(ProjectConfigurationPlatforms) = postSolution
		{55BDBC01-DEF8-4D5F-8E1C-95111907561C}.Debug|Any CPU.ActiveCfg = Debug|Any CPU
		{55BDBC01-DEF8-4D5F-8E1C-95111907561C}.Debug|Any CPU.Build.0 = Debug|Any CPU
		{55BDBC01-DEF8-4D5F-8E1C-95111907561C}.Release|Any CPU.ActiveCfg = Release|Any CPU
		{55BDBC01-DEF8-4D5F-8E1C-95111907561C}.Release|Any CPU.Build.0 = Release|Any CPU
	EndGlobalSection
	GlobalSection(SolutionProperties) = preSolution
		HideSolutionNode = FALSE
	EndGlobalSection
	GlobalSection(ExtensibilityGlobals) = postSolution
		SolutionGuid = {A94258EE-A753-459C-8586-2BFB39CFC61C}
	EndGlobalSection
EndGlobal
